// !$*UTF8*$!
{
	archiveVersion = 1;
	classes = {
	};
	objectVersion = 55;
	objects = {

/* Begin PBXBuildFile section */
		994591A327A0385900906B42 /* AppDelegate.swift in Sources */ = {isa = PBXBuildFile; fileRef = 994591A227A0385900906B42 /* AppDelegate.swift */; };
		994591A527A0385900906B42 /* SceneDelegate.swift in Sources */ = {isa = PBXBuildFile; fileRef = 994591A427A0385900906B42 /* SceneDelegate.swift */; };
		994591AA27A0385900906B42 /* Main.storyboard in Resources */ = {isa = PBXBuildFile; fileRef = 994591A827A0385900906B42 /* Main.storyboard */; };
		994591AC27A0385C00906B42 /* Assets.xcassets in Resources */ = {isa = PBXBuildFile; fileRef = 994591AB27A0385C00906B42 /* Assets.xcassets */; };
		994591AF27A0385C00906B42 /* LaunchScreen.storyboard in Resources */ = {isa = PBXBuildFile; fileRef = 994591AD27A0385C00906B42 /* LaunchScreen.storyboard */; };
		994591B727A03F9000906B42 /* CardListVIewController.swift in Sources */ = {isa = PBXBuildFile; fileRef = 994591B627A03F9000906B42 /* CardListVIewController.swift */; };
		994591B927A041DE00906B42 /* CreditCard.swift in Sources */ = {isa = PBXBuildFile; fileRef = 994591B827A041DE00906B42 /* CreditCard.swift */; };
		994B5D3227A04462004C9987 /* CardListCell.swift in Sources */ = {isa = PBXBuildFile; fileRef = 994B5D3027A04462004C9987 /* CardListCell.swift */; };
		994B5D3327A04462004C9987 /* CardListCell.xib in Resources */ = {isa = PBXBuildFile; fileRef = 994B5D3127A04462004C9987 /* CardListCell.xib */; };
		994B5D3527A049EA004C9987 /* CardDetailViewController.swift in Sources */ = {isa = PBXBuildFile; fileRef = 994B5D3427A049EA004C9987 /* CardDetailViewController.swift */; };
		99F87ED027A18337002A87D3 /* money.json in Resources */ = {isa = PBXBuildFile; fileRef = 99F87ECF27A18337002A87D3 /* money.json */; };
		99F87ED227A18464002A87D3 /* GoogleService-Info.plist in Resources */ = {isa = PBXBuildFile; fileRef = 99F87ED127A18464002A87D3 /* GoogleService-Info.plist */; };
		AAA9AC42BD8838D7D3F77735 /* Pods_CreditCardRecommend.framework in Frameworks */ = {isa = PBXBuildFile; fileRef = 1081A74F46DA24F43D7417C3 /* Pods_CreditCardRecommend.framework */; };
/* End PBXBuildFile section */

/* Begin PBXFileReference section */
		1081A74F46DA24F43D7417C3 /* Pods_CreditCardRecommend.framework */ = {isa = PBXFileReference; explicitFileType = wrapper.framework; includeInIndex = 0; path = Pods_CreditCardRecommend.framework; sourceTree = BUILT_PRODUCTS_DIR; };
		754E5BA0B762DA5DA3D05BBF /* Pods-CreditCardRecommend.debug.xcconfig */ = {isa = PBXFileReference; includeInIndex = 1; lastKnownFileType = text.xcconfig; name = "Pods-CreditCardRecommend.debug.xcconfig"; path = "Target Support Files/Pods-CreditCardRecommend/Pods-CreditCardRecommend.debug.xcconfig"; sourceTree = "<group>"; };
		9945919F27A0385900906B42 /* CreditCardRecommend.app */ = {isa = PBXFileReference; explicitFileType = wrapper.application; includeInIndex = 0; path = CreditCardRecommend.app; sourceTree = BUILT_PRODUCTS_DIR; };
		994591A227A0385900906B42 /* AppDelegate.swift */ = {isa = PBXFileReference; lastKnownFileType = sourcecode.swift; path = AppDelegate.swift; sourceTree = "<group>"; };
		994591A427A0385900906B42 /* SceneDelegate.swift */ = {isa = PBXFileReference; lastKnownFileType = sourcecode.swift; path = SceneDelegate.swift; sourceTree = "<group>"; };
		994591A927A0385900906B42 /* Base */ = {isa = PBXFileReference; lastKnownFileType = file.storyboard; name = Base; path = Base.lproj/Main.storyboard; sourceTree = "<group>"; };
		994591AB27A0385C00906B42 /* Assets.xcassets */ = {isa = PBXFileReference; lastKnownFileType = folder.assetcatalog; path = Assets.xcassets; sourceTree = "<group>"; };
		994591AE27A0385C00906B42 /* Base */ = {isa = PBXFileReference; lastKnownFileType = file.storyboard; name = Base; path = Base.lproj/LaunchScreen.storyboard; sourceTree = "<group>"; };
		994591B027A0385C00906B42 /* Info.plist */ = {isa = PBXFileReference; lastKnownFileType = text.plist.xml; path = Info.plist; sourceTree = "<group>"; };
		994591B627A03F9000906B42 /* CardListVIewController.swift */ = {isa = PBXFileReference; lastKnownFileType = sourcecode.swift; path = CardListVIewController.swift; sourceTree = "<group>"; };
		994591B827A041DE00906B42 /* CreditCard.swift */ = {isa = PBXFileReference; lastKnownFileType = sourcecode.swift; path = CreditCard.swift; sourceTree = "<group>"; };
		994B5D3027A04462004C9987 /* CardListCell.swift */ = {isa = PBXFileReference; lastKnownFileType = sourcecode.swift; path = CardListCell.swift; sourceTree = "<group>"; };
		994B5D3127A04462004C9987 /* CardListCell.xib */ = {isa = PBXFileReference; lastKnownFileType = file.xib; path = CardListCell.xib; sourceTree = "<group>"; };
		994B5D3427A049EA004C9987 /* CardDetailViewController.swift */ = {isa = PBXFileReference; lastKnownFileType = sourcecode.swift; path = CardDetailViewController.swift; sourceTree = "<group>"; };
		99F87ECF27A18337002A87D3 /* money.json */ = {isa = PBXFileReference; fileEncoding = 4; lastKnownFileType = text.json; path = money.json; sourceTree = "<group>"; };
		99F87ED127A18464002A87D3 /* GoogleService-Info.plist */ = {isa = PBXFileReference; fileEncoding = 4; lastKnownFileType = text.plist.xml; path = "GoogleService-Info.plist"; sourceTree = "<group>"; };
		CF9762F2257DF7C40621EAB5 /* Pods-CreditCardRecommend.release.xcconfig */ = {isa = PBXFileReference; includeInIndex = 1; lastKnownFileType = text.xcconfig; name = "Pods-CreditCardRecommend.release.xcconfig"; path = "Target Support Files/Pods-CreditCardRecommend/Pods-CreditCardRecommend.release.xcconfig"; sourceTree = "<group>"; };
/* End PBXFileReference section */

/* Begin PBXFrameworksBuildPhase section */
		9945919C27A0385900906B42 /* Frameworks */ = {
			isa = PBXFrameworksBuildPhase;
			buildActionMask = 2147483647;
			files = (
				AAA9AC42BD8838D7D3F77735 /* Pods_CreditCardRecommend.framework in Frameworks */,
			);
			runOnlyForDeploymentPostprocessing = 0;
		};
/* End PBXFrameworksBuildPhase section */

/* Begin PBXGroup section */
		9945919627A0385900906B42 = {
			isa = PBXGroup;
			children = (
				994591A127A0385900906B42 /* CreditCardRecommend */,
				994591A027A0385900906B42 /* Products */,
				EEE3D498FF746326AC52CFC3 /* Pods */,
				C72B8854D970FEAB1D1F3ED9 /* Frameworks */,
			);
			sourceTree = "<group>";
		};
		994591A027A0385900906B42 /* Products */ = {
			isa = PBXGroup;
			children = (
				9945919F27A0385900906B42 /* CreditCardRecommend.app */,
			);
			name = Products;
			sourceTree = "<group>";
		};
		994591A127A0385900906B42 /* CreditCardRecommend */ = {
			isa = PBXGroup;
			children = (
				99F87ED127A18464002A87D3 /* GoogleService-Info.plist */,
				994591A227A0385900906B42 /* AppDelegate.swift */,
				994591A427A0385900906B42 /* SceneDelegate.swift */,
				994591A827A0385900906B42 /* Main.storyboard */,
				994591AB27A0385C00906B42 /* Assets.xcassets */,
				994591AD27A0385C00906B42 /* LaunchScreen.storyboard */,
				994591B027A0385C00906B42 /* Info.plist */,
				994591B627A03F9000906B42 /* CardListVIewController.swift */,
				994591B827A041DE00906B42 /* CreditCard.swift */,
				994B5D3027A04462004C9987 /* CardListCell.swift */,
				994B5D3127A04462004C9987 /* CardListCell.xib */,
				994B5D3427A049EA004C9987 /* CardDetailViewController.swift */,
				99F87ECF27A18337002A87D3 /* money.json */,
			);
			path = CreditCardRecommend;
			sourceTree = "<group>";
		};
		C72B8854D970FEAB1D1F3ED9 /* Frameworks */ = {
			isa = PBXGroup;
			children = (
				1081A74F46DA24F43D7417C3 /* Pods_CreditCardRecommend.framework */,
			);
			name = Frameworks;
			sourceTree = "<group>";
		};
		EEE3D498FF746326AC52CFC3 /* Pods */ = {
			isa = PBXGroup;
			children = (
				754E5BA0B762DA5DA3D05BBF /* Pods-CreditCardRecommend.debug.xcconfig */,
				CF9762F2257DF7C40621EAB5 /* Pods-CreditCardRecommend.release.xcconfig */,
			);
			path = Pods;
			sourceTree = "<group>";
		};
/* End PBXGroup section */

/* Begin PBXNativeTarget section */
		9945919E27A0385900906B42 /* CreditCardRecommend */ = {
			isa = PBXNativeTarget;
			buildConfigurationList = 994591B327A0385C00906B42 /* Build configuration list for PBXNativeTarget "CreditCardRecommend" */;
			buildPhases = (
				B447B04BF846BCC8342A4666 /* [CP] Check Pods Manifest.lock */,
				9945919B27A0385900906B42 /* Sources */,
				9945919C27A0385900906B42 /* Frameworks */,
				9945919D27A0385900906B42 /* Resources */,
				7D940388EFFD19C222C57BA3 /* [CP] Embed Pods Frameworks */,
			);
			buildRules = (
			);
			dependencies = (
			);
			name = CreditCardRecommend;
			productName = CreditCardRecommend;
			productReference = 9945919F27A0385900906B42 /* CreditCardRecommend.app */;
			productType = "com.apple.product-type.application";
		};
/* End PBXNativeTarget section */

/* Begin PBXProject section */
		9945919727A0385900906B42 /* Project object */ = {
			isa = PBXProject;
			attributes = {
				BuildIndependentTargetsInParallel = 1;
				LastSwiftUpdateCheck = 1320;
				LastUpgradeCheck = 1320;
				TargetAttributes = {
					9945919E27A0385900906B42 = {
						CreatedOnToolsVersion = 13.2.1;
					};
				};
			};
			buildConfigurationList = 9945919A27A0385900906B42 /* Build configuration list for PBXProject "CreditCardRecommend" */;
			compatibilityVersion = "Xcode 13.0";
			developmentRegion = en;
			hasScannedForEncodings = 0;
			knownRegions = (
				en,
				Base,
			);
			mainGroup = 9945919627A0385900906B42;
			productRefGroup = 994591A027A0385900906B42 /* Products */;
			projectDirPath = "";
			projectRoot = "";
			targets = (
				9945919E27A0385900906B42 /* CreditCardRecommend */,
			);
		};
/* End PBXProject section */

/* Begin PBXResourcesBuildPhase section */
		9945919D27A0385900906B42 /* Resources */ = {
			isa = PBXResourcesBuildPhase;
			buildActionMask = 2147483647;
			files = (
				994591AF27A0385C00906B42 /* LaunchScreen.storyboard in Resources */,
				994591AC27A0385C00906B42 /* Assets.xcassets in Resources */,
				99F87ED027A18337002A87D3 /* money.json in Resources */,
				994591AA27A0385900906B42 /* Main.storyboard in Resources */,
				994B5D3327A04462004C9987 /* CardListCell.xib in Resources */,
				99F87ED227A18464002A87D3 /* GoogleService-Info.plist in Resources */,
			);
			runOnlyForDeploymentPostprocessing = 0;
		};
/* End PBXResourcesBuildPhase section */

/* Begin PBXShellScriptBuildPhase section */
		7D940388EFFD19C222C57BA3 /* [CP] Embed Pods Frameworks */ = {
			isa = PBXShellScriptBuildPhase;
			buildActionMask = 2147483647;
			files = (
			);
			inputFileListPaths = (
				"${PODS_ROOT}/Target Support Files/Pods-CreditCardRecommend/Pods-CreditCardRecommend-frameworks-${CONFIGURATION}-input-files.xcfilelist",
			);
			name = "[CP] Embed Pods Frameworks";
			outputFileListPaths = (
				"${PODS_ROOT}/Target Support Files/Pods-CreditCardRecommend/Pods-CreditCardRecommend-frameworks-${CONFIGURATION}-output-files.xcfilelist",
			);
			runOnlyForDeploymentPostprocessing = 0;
			shellPath = /bin/sh;
			shellScript = "\"${PODS_ROOT}/Target Support Files/Pods-CreditCardRecommend/Pods-CreditCardRecommend-frameworks.sh\"\n";
			showEnvVarsInLog = 0;
		};
		B447B04BF846BCC8342A4666 /* [CP] Check Pods Manifest.lock */ = {
			isa = PBXShellScriptBuildPhase;
			buildActionMask = 2147483647;
			files = (
			);
			inputFileListPaths = (
			);
			inputPaths = (
				"${PODS_PODFILE_DIR_PATH}/Podfile.lock",
				"${PODS_ROOT}/Manifest.lock",
			);
			name = "[CP] Check Pods Manifest.lock";
			outputFileListPaths = (
			);
			outputPaths = (
				"$(DERIVED_FILE_DIR)/Pods-CreditCardRecommend-checkManifestLockResult.txt",
			);
			runOnlyForDeploymentPostprocessing = 0;
			shellPath = /bin/sh;
			shellScript = "diff \"${PODS_PODFILE_DIR_PATH}/Podfile.lock\" \"${PODS_ROOT}/Manifest.lock\" > /dev/null\nif [ $? != 0 ] ; then\n    # print error to STDERR\n    echo \"error: The sandbox is not in sync with the Podfile.lock. Run 'pod install' or update your CocoaPods installation.\" >&2\n    exit 1\nfi\n# This output is used by Xcode 'outputs' to avoid re-running this script phase.\necho \"SUCCESS\" > \"${SCRIPT_OUTPUT_FILE_0}\"\n";
			showEnvVarsInLog = 0;
		};
/* End PBXShellScriptBuildPhase section */

/* Begin PBXSourcesBuildPhase section */
		9945919B27A0385900906B42 /* Sources */ = {
			isa = PBXSourcesBuildPhase;
			buildActionMask = 2147483647;
			files = (
				994591B927A041DE00906B42 /* CreditCard.swift in Sources */,
				994B5D3527A049EA004C9987 /* CardDetailViewController.swift in Sources */,
				994B5D3227A04462004C9987 /* CardListCell.swift in Sources */,
				994591A327A0385900906B42 /* AppDelegate.swift in Sources */,
				994591B727A03F9000906B42 /* CardListVIewController.swift in Sources */,
				994591A527A0385900906B42 /* SceneDelegate.swift in Sources */,
			);
			runOnlyForDeploymentPostprocessing = 0;
		};
/* End PBXSourcesBuildPhase section */

/* Begin PBXVariantGroup section */
		994591A827A0385900906B42 /* Main.storyboard */ = {
			isa = PBXVariantGroup;
			children = (
				994591A927A0385900906B42 /* Base */,
			);
			name = Main.storyboard;
			sourceTree = "<group>";
		};
		994591AD27A0385C00906B42 /* LaunchScreen.storyboard */ = {
			isa = PBXVariantGroup;
			children = (
				994591AE27A0385C00906B42 /* Base */,
			);
			name = LaunchScreen.storyboard;
			sourceTree = "<group>";
		};
/* End PBXVariantGroup section */

/* Begin XCBuildConfiguration section */
		994591B127A0385C00906B42 /* Debug */ = {
			isa = XCBuildConfiguration;
			buildSettings = {
				ALWAYS_SEARCH_USER_PATHS = NO;
				CLANG_ANALYZER_NONNULL = YES;
				CLANG_ANALYZER_NUMBER_OBJECT_CONVERSION = YES_AGGRESSIVE;
				CLANG_CXX_LANGUAGE_STANDARD = "gnu++17";
				CLANG_CXX_LIBRARY = "libc++";
				CLANG_ENABLE_MODULES = YES;
				CLANG_ENABLE_OBJC_ARC = YES;
				CLANG_ENABLE_OBJC_WEAK = YES;
				CLANG_WARN_BLOCK_CAPTURE_AUTORELEASING = YES;
				CLANG_WARN_BOOL_CONVERSION = YES;
				CLANG_WARN_COMMA = YES;
				CLANG_WARN_CONSTANT_CONVERSION = YES;
				CLANG_WARN_DEPRECATED_OBJC_IMPLEMENTATIONS = YES;
				CLANG_WARN_DIRECT_OBJC_ISA_USAGE = YES_ERROR;
				CLANG_WARN_DOCUMENTATION_COMMENTS = YES;
				CLANG_WARN_EMPTY_BODY = YES;
				CLANG_WARN_ENUM_CONVERSION = YES;
				CLANG_WARN_INFINITE_RECURSION = YES;
				CLANG_WARN_INT_CONVERSION = YES;
				CLANG_WARN_NON_LITERAL_NULL_CONVERSION = YES;
				CLANG_WARN_OBJC_IMPLICIT_RETAIN_SELF = YES;
				CLANG_WARN_OBJC_LITERAL_CONVERSION = YES;
				CLANG_WARN_OBJC_ROOT_CLASS = YES_ERROR;
				CLANG_WARN_QUOTED_INCLUDE_IN_FRAMEWORK_HEADER = YES;
				CLANG_WARN_RANGE_LOOP_ANALYSIS = YES;
				CLANG_WARN_STRICT_PROTOTYPES = YES;
				CLANG_WARN_SUSPICIOUS_MOVE = YES;
				CLANG_WARN_UNGUARDED_AVAILABILITY = YES_AGGRESSIVE;
				CLANG_WARN_UNREACHABLE_CODE = YES;
				CLANG_WARN__DUPLICATE_METHOD_MATCH = YES;
				COPY_PHASE_STRIP = NO;
				DEBUG_INFORMATION_FORMAT = dwarf;
				ENABLE_STRICT_OBJC_MSGSEND = YES;
				ENABLE_TESTABILITY = YES;
				GCC_C_LANGUAGE_STANDARD = gnu11;
				GCC_DYNAMIC_NO_PIC = NO;
				GCC_NO_COMMON_BLOCKS = YES;
				GCC_OPTIMIZATION_LEVEL = 0;
				GCC_PREPROCESSOR_DEFINITIONS = (
					"DEBUG=1",
					"$(inherited)",
				);
				GCC_WARN_64_TO_32_BIT_CONVERSION = YES;
				GCC_WARN_ABOUT_RETURN_TYPE = YES_ERROR;
				GCC_WARN_UNDECLARED_SELECTOR = YES;
				GCC_WARN_UNINITIALIZED_AUTOS = YES_AGGRESSIVE;
				GCC_WARN_UNUSED_FUNCTION = YES;
				GCC_WARN_UNUSED_VARIABLE = YES;
				IPHONEOS_DEPLOYMENT_TARGET = 15.2;
				MTL_ENABLE_DEBUG_INFO = INCLUDE_SOURCE;
				MTL_FAST_MATH = YES;
				ONLY_ACTIVE_ARCH = YES;
				SDKROOT = iphoneos;
				SWIFT_ACTIVE_COMPILATION_CONDITIONS = DEBUG;
				SWIFT_OPTIMIZATION_LEVEL = "-Onone";
			};
			name = Debug;
		};
		994591B227A0385C00906B42 /* Release */ = {
			isa = XCBuildConfiguration;
			buildSettings = {
				ALWAYS_SEARCH_USER_PATHS = NO;
				CLANG_ANALYZER_NONNULL = YES;
				CLANG_ANALYZER_NUMBER_OBJECT_CONVERSION = YES_AGGRESSIVE;
				CLANG_CXX_LANGUAGE_STANDARD = "gnu++17";
				CLANG_CXX_LIBRARY = "libc++";
				CLANG_ENABLE_MODULES = YES;
				CLANG_ENABLE_OBJC_ARC = YES;
				CLANG_ENABLE_OBJC_WEAK = YES;
				CLANG_WARN_BLOCK_CAPTURE_AUTORELEASING = YES;
				CLANG_WARN_BOOL_CONVERSION = YES;
				CLANG_WARN_COMMA = YES;
				CLANG_WARN_CONSTANT_CONVERSION = YES;
				CLANG_WARN_DEPRECATED_OBJC_IMPLEMENTATIONS = YES;
				CLANG_WARN_DIRECT_OBJC_ISA_USAGE = YES_ERROR;
				CLANG_WARN_DOCUMENTATION_COMMENTS = YES;
				CLANG_WARN_EMPTY_BODY = YES;
				CLANG_WARN_ENUM_CONVERSION = YES;
				CLANG_WARN_INFINITE_RECURSION = YES;
				CLANG_WARN_INT_CONVERSION = YES;
				CLANG_WARN_NON_LITERAL_NULL_CONVERSION = YES;
				CLANG_WARN_OBJC_IMPLICIT_RETAIN_SELF = YES;
				CLANG_WARN_OBJC_LITERAL_CONVERSION = YES;
				CLANG_WARN_OBJC_ROOT_CLASS = YES_ERROR;
				CLANG_WARN_QUOTED_INCLUDE_IN_FRAMEWORK_HEADER = YES;
				CLANG_WARN_RANGE_LOOP_ANALYSIS = YES;
				CLANG_WARN_STRICT_PROTOTYPES = YES;
				CLANG_WARN_SUSPICIOUS_MOVE = YES;
				CLANG_WARN_UNGUARDED_AVAILABILITY = YES_AGGRESSIVE;
				CLANG_WARN_UNREACHABLE_CODE = YES;
				CLANG_WARN__DUPLICATE_METHOD_MATCH = YES;
				COPY_PHASE_STRIP = NO;
				DEBUG_INFORMATION_FORMAT = "dwarf-with-dsym";
				ENABLE_NS_ASSERTIONS = NO;
				ENABLE_STRICT_OBJC_MSGSEND = YES;
				GCC_C_LANGUAGE_STANDARD = gnu11;
				GCC_NO_COMMON_BLOCKS = YES;
				GCC_WARN_64_TO_32_BIT_CONVERSION = YES;
				GCC_WARN_ABOUT_RETURN_TYPE = YES_ERROR;
				GCC_WARN_UNDECLARED_SELECTOR = YES;
				GCC_WARN_UNINITIALIZED_AUTOS = YES_AGGRESSIVE;
				GCC_WARN_UNUSED_FUNCTION = YES;
				GCC_WARN_UNUSED_VARIABLE = YES;
				IPHONEOS_DEPLOYMENT_TARGET = 15.2;
				MTL_ENABLE_DEBUG_INFO = NO;
				MTL_FAST_MATH = YES;
				SDKROOT = iphoneos;
				SWIFT_COMPILATION_MODE = wholemodule;
				SWIFT_OPTIMIZATION_LEVEL = "-O";
				VALIDATE_PRODUCT = YES;
			};
			name = Release;
		};
		994591B427A0385C00906B42 /* Debug */ = {
			isa = XCBuildConfiguration;
			baseConfigurationReference = 754E5BA0B762DA5DA3D05BBF /* Pods-CreditCardRecommend.debug.xcconfig */;
			buildSettings = {
				ASSETCATALOG_COMPILER_APPICON_NAME = AppIcon;
				ASSETCATALOG_COMPILER_GLOBAL_ACCENT_COLOR_NAME = AccentColor;
				CODE_SIGN_STYLE = Automatic;
				CURRENT_PROJECT_VERSION = 1;
				DEVELOPMENT_TEAM = 252A989XMN;
				GENERATE_INFOPLIST_FILE = YES;
				INFOPLIST_FILE = CreditCardRecommend/Info.plist;
				INFOPLIST_KEY_UIApplicationSupportsIndirectInputEvents = YES;
				INFOPLIST_KEY_UILaunchStoryboardName = LaunchScreen;
				INFOPLIST_KEY_UIMainStoryboardFile = Main;
				INFOPLIST_KEY_UISupportedInterfaceOrientations_iPad = "UIInterfaceOrientationPortrait UIInterfaceOrientationPortraitUpsideDown UIInterfaceOrientationLandscapeLeft UIInterfaceOrientationLandscapeRight";
				INFOPLIST_KEY_UISupportedInterfaceOrientations_iPhone = "UIInterfaceOrientationPortrait UIInterfaceOrientationLandscapeLeft UIInterfaceOrientationLandscapeRight";
				LD_RUNPATH_SEARCH_PATHS = (
					"$(inherited)",
					"@executable_path/Frameworks",
				);
				MARKETING_VERSION = 1.0;
				PRODUCT_BUNDLE_IDENTIFIER = LeeHsss.CreditCardRecommend;
				PRODUCT_NAME = "$(TARGET_NAME)";
				SWIFT_EMIT_LOC_STRINGS = YES;
				SWIFT_VERSION = 5.0;
				TARGETED_DEVICE_FAMILY = "1,2";
			};
			name = Debug;
		};
		994591B527A0385C00906B42 /* Release */ = {
			isa = XCBuildConfiguration;
			baseConfigurationReference = CF9762F2257DF7C40621EAB5 /* Pods-CreditCardRecommend.release.xcconfig */;
			buildSettings = {
				ASSETCATALOG_COMPILER_APPICON_NAME = AppIcon;
				ASSETCATALOG_COMPILER_GLOBAL_ACCENT_COLOR_NAME = AccentColor;
				CODE_SIGN_STYLE = Automatic;
				CURRENT_PROJECT_VERSION = 1;
				DEVELOPMENT_TEAM = 252A989XMN;
				GENERATE_INFOPLIST_FILE = YES;
				INFOPLIST_FILE = CreditCardRecommend/Info.plist;
				INFOPLIST_KEY_UIApplicationSupportsIndirectInputEvents = YES;
				INFOPLIST_KEY_UILaunchStoryboardName = LaunchScreen;
				INFOPLIST_KEY_UIMainStoryboardFile = Main;
				INFOPLIST_KEY_UISupportedInterfaceOrientations_iPad = "UIInterfaceOrientationPortrait UIInterfaceOrientationPortraitUpsideDown UIInterfaceOrientationLandscapeLeft UIInterfaceOrientationLandscapeRight";
				INFOPLIST_KEY_UISupportedInterfaceOrientations_iPhone = "UIInterfaceOrientationPortrait UIInterfaceOrientationLandscapeLeft UIInterfaceOrientationLandscapeRight";
				LD_RUNPATH_SEARCH_PATHS = (
					"$(inherited)",
					"@executable_path/Frameworks",
				);
				MARKETING_VERSION = 1.0;
				PRODUCT_BUNDLE_IDENTIFIER = LeeHsss.CreditCardRecommend;
				PRODUCT_NAME = "$(TARGET_NAME)";
				SWIFT_EMIT_LOC_STRINGS = YES;
				SWIFT_VERSION = 5.0;
				TARGETED_DEVICE_FAMILY = "1,2";
			};
			name = Release;
		};
/* End XCBuildConfiguration section */

/* Begin XCConfigurationList section */
		9945919A27A0385900906B42 /* Build configuration list for PBXProject "CreditCardRecommend" */ = {
			isa = XCConfigurationList;
			buildConfigurations = (
				994591B127A0385C00906B42 /* Debug */,
				994591B227A0385C00906B42 /* Release */,
			);
			defaultConfigurationIsVisible = 0;
			defaultConfigurationName = Release;
		};
		994591B327A0385C00906B42 /* Build configuration list for PBXNativeTarget "CreditCardRecommend" */ = {
			isa = XCConfigurationList;
			buildConfigurations = (
				994591B427A0385C00906B42 /* Debug */,
				994591B527A0385C00906B42 /* Release */,
			);
			defaultConfigurationIsVisible = 0;
			defaultConfigurationName = Release;
		};
/* End XCConfigurationList section */
	};
	rootObject = 9945919727A0385900906B42 /* Project object */;
}
